
Microsoft Visual Studio Solution File, Format Version 12.00
# Visual Studio Version 16
VisualStudioVersion = 16.0.29509.3
MinimumVisualStudioVersion = 10.0.40219.1
Project("{FAE04EC0-301F-11D3-BF4B-00C04F79EFBC}") = "DotrA_001", "DotrA_001\DotrA_001.csproj", "{D0A116B8-7F28-47B3-8BB7-3949E5521A77}"
EndProject
Global
	GlobalSection(SolutionConfigurationPlatforms) = preSolution
		Debug|Any CPU = Debug|Any CPU
		Release|Any CPU = Release|Any CPU
	EndGlobalSection
	GlobalSection(ProjectConfigurationPlatforms) = postSolution
		{D0A116B8-7F28-47B3-8BB7-3949E5521A77}.Debug|Any CPU.ActiveCfg = Debug|Any CPU
		{D0A116B8-7F28-47B3-8BB7-3949E5521A77}.Debug|Any CPU.Build.0 = Debug|Any CPU
		{D0A116B8-7F28-47B3-8BB7-3949E5521A77}.Release|Any CPU.ActiveCfg = Release|Any CPU
		{D0A116B8-7F28-47B3-8BB7-3949E5521A77}.Release|Any CPU.Build.0 = Release|Any CPU
	EndGlobalSection
	GlobalSection(SolutionProperties) = preSolution
		HideSolutionNode = FALSE
	EndGlobalSection
	GlobalSection(ExtensibilityGlobals) = postSolution
		SolutionGuid = {3F858709-2A4A-4813-BD9F-F1BBC3B39D19}
	EndGlobalSection
EndGlobal
